
Microsoft Visual Studio Solution File, Format Version 12.00
# Visual Studio Version 16
VisualStudioVersion = 16.0.31729.503
MinimumVisualStudioVersion = 10.0.40219.1
Project("{8BC9CEB8-8B4A-11D0-8D11-00A0C91BC942}") = "ch2_lab1_2", "ch2_lab1_2\ch2_lab1_2.vcxproj", "{99802FF1-A721-4678-A9AA-321FB7A042BE}"
EndProject
Global
	GlobalSection(SolutionConfigurationPlatforms) = preSolution
		Debug|x64 = Debug|x64
		Debug|x86 = Debug|x86
		Release|x64 = Release|x64
		Release|x86 = Release|x86
	EndGlobalSection
	GlobalSection(ProjectConfigurationPlatforms) = postSolution
		{99802FF1-A721-4678-A9AA-321FB7A042BE}.Debug|x64.ActiveCfg = Debug|x64
		{99802FF1-A721-4678-A9AA-321FB7A042BE}.Debug|x64.Build.0 = Debug|x64
		{99802FF1-A721-4678-A9AA-321FB7A042BE}.Debug|x86.ActiveCfg = Debug|Win32
		{99802FF1-A721-4678-A9AA-321FB7A042BE}.Debug|x86.Build.0 = Debug|Win32
		{99802FF1-A721-4678-A9AA-321FB7A042BE}.Release|x64.ActiveCfg = Release|x64
		{99802FF1-A721-4678-A9AA-321FB7A042BE}.Release|x64.Build.0 = Release|x64
		{99802FF1-A721-4678-A9AA-321FB7A042BE}.Release|x86.ActiveCfg = Release|Win32
		{99802FF1-A721-4678-A9AA-321FB7A042BE}.Release|x86.Build.0 = Release|Win32
	EndGlobalSection
	GlobalSection(SolutionProperties) = preSolution
		HideSolutionNode = FALSE
	EndGlobalSection
	GlobalSection(ExtensibilityGlobals) = postSolution
		SolutionGuid = {0F06F73C-5D78-4F81-9ABA-7F81625DEC75}
	EndGlobalSection
EndGlobal
