
Microsoft Visual Studio Solution File, Format Version 12.00
# Visual Studio Version 16
VisualStudioVersion = 16.0.31729.503
MinimumVisualStudioVersion = 10.0.40219.1
Project("{8BC9CEB8-8B4A-11D0-8D11-00A0C91BC942}") = "ch2_lab1_1", "ch2_lab1_1\ch2_lab1_1.vcxproj", "{E2590F1E-7F7D-4BE8-929F-E45601368D06}"
EndProject
Global
	GlobalSection(SolutionConfigurationPlatforms) = preSolution
		Debug|x64 = Debug|x64
		Debug|x86 = Debug|x86
		Release|x64 = Release|x64
		Release|x86 = Release|x86
	EndGlobalSection
	GlobalSection(ProjectConfigurationPlatforms) = postSolution
		{E2590F1E-7F7D-4BE8-929F-E45601368D06}.Debug|x64.ActiveCfg = Debug|x64
		{E2590F1E-7F7D-4BE8-929F-E45601368D06}.Debug|x64.Build.0 = Debug|x64
		{E2590F1E-7F7D-4BE8-929F-E45601368D06}.Debug|x86.ActiveCfg = Debug|Win32
		{E2590F1E-7F7D-4BE8-929F-E45601368D06}.Debug|x86.Build.0 = Debug|Win32
		{E2590F1E-7F7D-4BE8-929F-E45601368D06}.Release|x64.ActiveCfg = Release|x64
		{E2590F1E-7F7D-4BE8-929F-E45601368D06}.Release|x64.Build.0 = Release|x64
		{E2590F1E-7F7D-4BE8-929F-E45601368D06}.Release|x86.ActiveCfg = Release|Win32
		{E2590F1E-7F7D-4BE8-929F-E45601368D06}.Release|x86.Build.0 = Release|Win32
	EndGlobalSection
	GlobalSection(SolutionProperties) = preSolution
		HideSolutionNode = FALSE
	EndGlobalSection
	GlobalSection(ExtensibilityGlobals) = postSolution
		SolutionGuid = {C4CF07B4-A2D9-4131-9CCC-BFF1DC101220}
	EndGlobalSection
EndGlobal
